
Microsoft Visual Studio Solution File, Format Version 12.00
# Visual Studio Version 17
VisualStudioVersion = 17.8.34511.84
MinimumVisualStudioVersion = 10.0.40219.1
Project("{FAE04EC0-301F-11D3-BF4B-00C04F79EFBC}") = "PP_Lab4_C#", "PP_Lab4_C#\PP_Lab4_C#.csproj", "{8FFA66B3-6CB6-470E-A880-DAFD6DF06295}"
EndProject
Global
	GlobalSection(SolutionConfigurationPlatforms) = preSolution
		Debug|Any CPU = Debug|Any CPU
		Release|Any CPU = Release|Any CPU
	EndGlobalSection
	GlobalSection(ProjectConfigurationPlatforms) = postSolution
		{8FFA66B3-6CB6-470E-A880-DAFD6DF06295}.Debug|Any CPU.ActiveCfg = Debug|Any CPU
		{8FFA66B3-6CB6-470E-A880-DAFD6DF06295}.Debug|Any CPU.Build.0 = Debug|Any CPU
		{8FFA66B3-6CB6-470E-A880-DAFD6DF06295}.Release|Any CPU.ActiveCfg = Release|Any CPU
		{8FFA66B3-6CB6-470E-A880-DAFD6DF06295}.Release|Any CPU.Build.0 = Release|Any CPU
	EndGlobalSection
	GlobalSection(SolutionProperties) = preSolution
		HideSolutionNode = FALSE
	EndGlobalSection
	GlobalSection(ExtensibilityGlobals) = postSolution
		SolutionGuid = {A7C33E81-9AD0-40A5-92AB-F443E598DEE0}
	EndGlobalSection
EndGlobal
